
Microsoft Visual Studio Solution File, Format Version 12.00
# Visual Studio Version 17
VisualStudioVersion = 17.2.32526.322
MinimumVisualStudioVersion = 10.0.40219.1
Project("{FAE04EC0-301F-11D3-BF4B-00C04F79EFBC}") = "14thang6_2h", "14thang6_2h\14thang6_2h.csproj", "{7A263CD1-9FB5-41EC-8457-79D306A3B788}"
EndProject
Global
	GlobalSection(SolutionConfigurationPlatforms) = preSolution
		Debug|Any CPU = Debug|Any CPU
		Release|Any CPU = Release|Any CPU
	EndGlobalSection
	GlobalSection(ProjectConfigurationPlatforms) = postSolution
		{7A263CD1-9FB5-41EC-8457-79D306A3B788}.Debug|Any CPU.ActiveCfg = Debug|Any CPU
		{7A263CD1-9FB5-41EC-8457-79D306A3B788}.Debug|Any CPU.Build.0 = Debug|Any CPU
		{7A263CD1-9FB5-41EC-8457-79D306A3B788}.Release|Any CPU.ActiveCfg = Release|Any CPU
		{7A263CD1-9FB5-41EC-8457-79D306A3B788}.Release|Any CPU.Build.0 = Release|Any CPU
	EndGlobalSection
	GlobalSection(SolutionProperties) = preSolution
		HideSolutionNode = FALSE
	EndGlobalSection
	GlobalSection(ExtensibilityGlobals) = postSolution
		SolutionGuid = {BD725057-54C7-4FB1-98C6-1B8BF1860D86}
	EndGlobalSection
EndGlobal
